{
  "requires": true,
  "lockfileVersion": 1,
  "dependencies": {
    "word-list-json": {
      "version": "0.2.0",
      "resolved": "https://registry.npmjs.org/word-list-json/-/word-list-json-0.2.0.tgz",
      "integrity": "sha1-uNLJNOkSm/+w5I9kr3ECBpH3ih8="
    }
  }
}

// usage[
//   var wordList = require('word-list-json');
// ]


